// !$*UTF8*$!
{
	archiveVersion = 1;
	classes = {
	};
	objectVersion = 51;
	objects = {

/* Begin PBXBuildFile section */
		3874F0E69664CCBC84F3852E /* Pods_thefaelMovie.framework in Frameworks */ = {isa = PBXBuildFile; fileRef = CF7925406370AEB3FC6FC1D0 /* Pods_thefaelMovie.framework */; };
		A80FCD4425D4AED800BDF8C0 /* FavoriteButton.swift in Sources */ = {isa = PBXBuildFile; fileRef = A80FCD4325D4AED800BDF8C0 /* FavoriteButton.swift */; };
		A823C71225AF9F4E0080D271 /* CollectionViewDataSource.swift in Sources */ = {isa = PBXBuildFile; fileRef = A823C71125AF9F4E0080D271 /* CollectionViewDataSource.swift */; };
		A823C71425AFA7F40080D271 /* PopularMovieCell.swift in Sources */ = {isa = PBXBuildFile; fileRef = A823C71325AFA7F40080D271 /* PopularMovieCell.swift */; };
		A82C507225C218740016AC46 /* PopularMoviesInteractor.swift in Sources */ = {isa = PBXBuildFile; fileRef = A82C507125C218740016AC46 /* PopularMoviesInteractor.swift */; };
		A82C507425C255680016AC46 /* Color.swift in Sources */ = {isa = PBXBuildFile; fileRef = A82C507325C255680016AC46 /* Color.swift */; };
		A82C507625C256430016AC46 /* ImageCache.swift in Sources */ = {isa = PBXBuildFile; fileRef = A82C507525C256430016AC46 /* ImageCache.swift */; };
		A855D5F725BA318A000F7A95 /* MovieViewController.swift in Sources */ = {isa = PBXBuildFile; fileRef = A855D5F625BA318A000F7A95 /* MovieViewController.swift */; };
		A856A39F25AE144900EA18FE /* AppDelegate.swift in Sources */ = {isa = PBXBuildFile; fileRef = A856A39E25AE144900EA18FE /* AppDelegate.swift */; };
		A856A3A125AE144900EA18FE /* SceneDelegate.swift in Sources */ = {isa = PBXBuildFile; fileRef = A856A3A025AE144900EA18FE /* SceneDelegate.swift */; };
		A856A3A825AE144E00EA18FE /* Assets.xcassets in Resources */ = {isa = PBXBuildFile; fileRef = A856A3A725AE144E00EA18FE /* Assets.xcassets */; };
		A856A3AB25AE144E00EA18FE /* LaunchScreen.storyboard in Resources */ = {isa = PBXBuildFile; fileRef = A856A3A925AE144E00EA18FE /* LaunchScreen.storyboard */; };
		A856A3B525AE21AA00EA18FE /* Endpoints.swift in Sources */ = {isa = PBXBuildFile; fileRef = A856A3B425AE21AA00EA18FE /* Endpoints.swift */; };
		A856A3B725AE242300EA18FE /* Constants.swift in Sources */ = {isa = PBXBuildFile; fileRef = A856A3B625AE242300EA18FE /* Constants.swift */; };
		A856A3B925AE272900EA18FE /* Service.swift in Sources */ = {isa = PBXBuildFile; fileRef = A856A3B825AE272900EA18FE /* Service.swift */; };
		A856A3BF25AE392900EA18FE /* PopularMoviesViewController.swift in Sources */ = {isa = PBXBuildFile; fileRef = A856A3BE25AE392900EA18FE /* PopularMoviesViewController.swift */; };
		A856A3C125AE3F9500EA18FE /* PopularMovies.swift in Sources */ = {isa = PBXBuildFile; fileRef = A856A3C025AE3F9500EA18FE /* PopularMovies.swift */; };
		A8573A5525D45B40003E5B1C /* FavMovieCache.swift in Sources */ = {isa = PBXBuildFile; fileRef = A8573A5425D45B40003E5B1C /* FavMovieCache.swift */; };
		A88B40F325C34C79004E70BB /* MovieView.swift in Sources */ = {isa = PBXBuildFile; fileRef = A88B40F225C34C79004E70BB /* MovieView.swift */; };
		A8BC895425D30BE3008A813C /* FavoriteMoviesView.swift in Sources */ = {isa = PBXBuildFile; fileRef = A8BC895325D30BE3008A813C /* FavoriteMoviesView.swift */; };
		A8BC895625D30F1F008A813C /* FavoriteMoviesViewController.swift in Sources */ = {isa = PBXBuildFile; fileRef = A8BC895525D30F1F008A813C /* FavoriteMoviesViewController.swift */; };
		A8BC895825D342A9008A813C /* FavoriteMovieCell.swift in Sources */ = {isa = PBXBuildFile; fileRef = A8BC895725D342A9008A813C /* FavoriteMovieCell.swift */; };
		A8CEB84825C1DD3400197105 /* PopularMoviesView.swift in Sources */ = {isa = PBXBuildFile; fileRef = A8CEB84725C1DD3400197105 /* PopularMoviesView.swift */; };
/* End PBXBuildFile section */

/* Begin PBXFileReference section */
		1942C7F2BCEEE5AE485036E5 /* Pods-thefaelMovie.release.xcconfig */ = {isa = PBXFileReference; includeInIndex = 1; lastKnownFileType = text.xcconfig; name = "Pods-thefaelMovie.release.xcconfig"; path = "Target Support Files/Pods-thefaelMovie/Pods-thefaelMovie.release.xcconfig"; sourceTree = "<group>"; };
		A80FCD4325D4AED800BDF8C0 /* FavoriteButton.swift */ = {isa = PBXFileReference; lastKnownFileType = sourcecode.swift; path = FavoriteButton.swift; sourceTree = "<group>"; };
		A823C71125AF9F4E0080D271 /* CollectionViewDataSource.swift */ = {isa = PBXFileReference; lastKnownFileType = sourcecode.swift; path = CollectionViewDataSource.swift; sourceTree = "<group>"; };
		A823C71325AFA7F40080D271 /* PopularMovieCell.swift */ = {isa = PBXFileReference; lastKnownFileType = sourcecode.swift; path = PopularMovieCell.swift; sourceTree = "<group>"; };
		A82C507125C218740016AC46 /* PopularMoviesInteractor.swift */ = {isa = PBXFileReference; lastKnownFileType = sourcecode.swift; path = PopularMoviesInteractor.swift; sourceTree = "<group>"; };
		A82C507325C255680016AC46 /* Color.swift */ = {isa = PBXFileReference; lastKnownFileType = sourcecode.swift; path = Color.swift; sourceTree = "<group>"; };
		A82C507525C256430016AC46 /* ImageCache.swift */ = {isa = PBXFileReference; lastKnownFileType = sourcecode.swift; path = ImageCache.swift; sourceTree = "<group>"; };
		A855D5F625BA318A000F7A95 /* MovieViewController.swift */ = {isa = PBXFileReference; lastKnownFileType = sourcecode.swift; path = MovieViewController.swift; sourceTree = "<group>"; };
		A856A39B25AE144900EA18FE /* thefaelMovie.app */ = {isa = PBXFileReference; explicitFileType = wrapper.application; includeInIndex = 0; path = thefaelMovie.app; sourceTree = BUILT_PRODUCTS_DIR; };
		A856A39E25AE144900EA18FE /* AppDelegate.swift */ = {isa = PBXFileReference; lastKnownFileType = sourcecode.swift; path = AppDelegate.swift; sourceTree = "<group>"; };
		A856A3A025AE144900EA18FE /* SceneDelegate.swift */ = {isa = PBXFileReference; lastKnownFileType = sourcecode.swift; path = SceneDelegate.swift; sourceTree = "<group>"; };
		A856A3A725AE144E00EA18FE /* Assets.xcassets */ = {isa = PBXFileReference; lastKnownFileType = folder.assetcatalog; path = Assets.xcassets; sourceTree = "<group>"; };
		A856A3AA25AE144E00EA18FE /* Base */ = {isa = PBXFileReference; lastKnownFileType = file.storyboard; name = Base; path = Base.lproj/LaunchScreen.storyboard; sourceTree = "<group>"; };
		A856A3AC25AE144E00EA18FE /* Info.plist */ = {isa = PBXFileReference; lastKnownFileType = text.plist.xml; path = Info.plist; sourceTree = "<group>"; };
		A856A3B425AE21AA00EA18FE /* Endpoints.swift */ = {isa = PBXFileReference; lastKnownFileType = sourcecode.swift; path = Endpoints.swift; sourceTree = "<group>"; };
		A856A3B625AE242300EA18FE /* Constants.swift */ = {isa = PBXFileReference; lastKnownFileType = sourcecode.swift; path = Constants.swift; sourceTree = "<group>"; };
		A856A3B825AE272900EA18FE /* Service.swift */ = {isa = PBXFileReference; lastKnownFileType = sourcecode.swift; path = Service.swift; sourceTree = "<group>"; };
		A856A3BE25AE392900EA18FE /* PopularMoviesViewController.swift */ = {isa = PBXFileReference; lastKnownFileType = sourcecode.swift; path = PopularMoviesViewController.swift; sourceTree = "<group>"; };
		A856A3C025AE3F9500EA18FE /* PopularMovies.swift */ = {isa = PBXFileReference; lastKnownFileType = sourcecode.swift; path = PopularMovies.swift; sourceTree = "<group>"; };
		A8573A5425D45B40003E5B1C /* FavMovieCache.swift */ = {isa = PBXFileReference; lastKnownFileType = sourcecode.swift; path = FavMovieCache.swift; sourceTree = "<group>"; };
		A88B40F225C34C79004E70BB /* MovieView.swift */ = {isa = PBXFileReference; lastKnownFileType = sourcecode.swift; path = MovieView.swift; sourceTree = "<group>"; };
		A8BC895325D30BE3008A813C /* FavoriteMoviesView.swift */ = {isa = PBXFileReference; lastKnownFileType = sourcecode.swift; path = FavoriteMoviesView.swift; sourceTree = "<group>"; };
		A8BC895525D30F1F008A813C /* FavoriteMoviesViewController.swift */ = {isa = PBXFileReference; lastKnownFileType = sourcecode.swift; path = FavoriteMoviesViewController.swift; sourceTree = "<group>"; };
		A8BC895725D342A9008A813C /* FavoriteMovieCell.swift */ = {isa = PBXFileReference; lastKnownFileType = sourcecode.swift; path = FavoriteMovieCell.swift; sourceTree = "<group>"; };
		A8CEB84725C1DD3400197105 /* PopularMoviesView.swift */ = {isa = PBXFileReference; lastKnownFileType = sourcecode.swift; path = PopularMoviesView.swift; sourceTree = "<group>"; };
		CCB7E6B2347BCD3A00DF454E /* Pods-thefaelMovie.debug.xcconfig */ = {isa = PBXFileReference; includeInIndex = 1; lastKnownFileType = text.xcconfig; name = "Pods-thefaelMovie.debug.xcconfig"; path = "Target Support Files/Pods-thefaelMovie/Pods-thefaelMovie.debug.xcconfig"; sourceTree = "<group>"; };
		CF7925406370AEB3FC6FC1D0 /* Pods_thefaelMovie.framework */ = {isa = PBXFileReference; explicitFileType = wrapper.framework; includeInIndex = 0; path = Pods_thefaelMovie.framework; sourceTree = BUILT_PRODUCTS_DIR; };
/* End PBXFileReference section */

/* Begin PBXFrameworksBuildPhase section */
		A856A39825AE144900EA18FE /* Frameworks */ = {
			isa = PBXFrameworksBuildPhase;
			buildActionMask = 2147483647;
			files = (
				3874F0E69664CCBC84F3852E /* Pods_thefaelMovie.framework in Frameworks */,
			);
			runOnlyForDeploymentPostprocessing = 0;
		};
/* End PBXFrameworksBuildPhase section */

/* Begin PBXGroup section */
		500953E1D2F31C4CC4808189 /* Pods */ = {
			isa = PBXGroup;
			children = (
				CCB7E6B2347BCD3A00DF454E /* Pods-thefaelMovie.debug.xcconfig */,
				1942C7F2BCEEE5AE485036E5 /* Pods-thefaelMovie.release.xcconfig */,
			);
			path = Pods;
			sourceTree = "<group>";
		};
		5BFF64FC81EDCEB1F60148F5 /* Frameworks */ = {
			isa = PBXGroup;
			children = (
				CF7925406370AEB3FC6FC1D0 /* Pods_thefaelMovie.framework */,
			);
			name = Frameworks;
			sourceTree = "<group>";
		};
		A80FCD4225D4AE2A00BDF8C0 /* MovieViews */ = {
			isa = PBXGroup;
			children = (
				A88B40F225C34C79004E70BB /* MovieView.swift */,
				A80FCD4325D4AED800BDF8C0 /* FavoriteButton.swift */,
			);
			path = MovieViews;
			sourceTree = "<group>";
		};
		A823CA6B25DB73A1002E372F /* FavoriteMoviesViews */ = {
			isa = PBXGroup;
			children = (
				A8BC895325D30BE3008A813C /* FavoriteMoviesView.swift */,
				A8BC895725D342A9008A813C /* FavoriteMovieCell.swift */,
			);
			path = FavoriteMoviesViews;
			sourceTree = "<group>";
		};
		A832207425D7133C003CE879 /* Cache */ = {
			isa = PBXGroup;
			children = (
				A82C507525C256430016AC46 /* ImageCache.swift */,
				A8573A5425D45B40003E5B1C /* FavMovieCache.swift */,
			);
			path = Cache;
			sourceTree = "<group>";
		};
		A856A39225AE144800EA18FE = {
			isa = PBXGroup;
			children = (
				A856A39D25AE144900EA18FE /* thefaelMovie */,
				A856A39C25AE144900EA18FE /* Products */,
				500953E1D2F31C4CC4808189 /* Pods */,
				5BFF64FC81EDCEB1F60148F5 /* Frameworks */,
			);
			sourceTree = "<group>";
		};
		A856A39C25AE144900EA18FE /* Products */ = {
			isa = PBXGroup;
			children = (
				A856A39B25AE144900EA18FE /* thefaelMovie.app */,
			);
			name = Products;
			sourceTree = "<group>";
		};
		A856A39D25AE144900EA18FE /* thefaelMovie */ = {
			isa = PBXGroup;
			children = (
				A832207425D7133C003CE879 /* Cache */,
				A8BC895225D30ABD008A813C /* FavoriteMovies */,
				A860355A25B0AA9500AF6FE1 /* Movie */,
				A856A3BD25AE38EC00EA18FE /* PopularMovies */,
				A856A3BC25AE374C00EA18FE /* Application */,
				A856A3BB25AE347F00EA18FE /* Network */,
			);
			path = thefaelMovie;
			sourceTree = "<group>";
		};
		A856A3BB25AE347F00EA18FE /* Network */ = {
			isa = PBXGroup;
			children = (
				A856A3B425AE21AA00EA18FE /* Endpoints.swift */,
				A856A3B825AE272900EA18FE /* Service.swift */,
				A823C71125AF9F4E0080D271 /* CollectionViewDataSource.swift */,
			);
			path = Network;
			sourceTree = "<group>";
		};
		A856A3BC25AE374C00EA18FE /* Application */ = {
			isa = PBXGroup;
			children = (
				A856A39E25AE144900EA18FE /* AppDelegate.swift */,
				A856A3A025AE144900EA18FE /* SceneDelegate.swift */,
				A856A3A725AE144E00EA18FE /* Assets.xcassets */,
				A856A3A925AE144E00EA18FE /* LaunchScreen.storyboard */,
				A856A3AC25AE144E00EA18FE /* Info.plist */,
				A856A3B625AE242300EA18FE /* Constants.swift */,
				A82C507325C255680016AC46 /* Color.swift */,
			);
			path = Application;
			sourceTree = "<group>";
		};
		A856A3BD25AE38EC00EA18FE /* PopularMovies */ = {
			isa = PBXGroup;
			children = (
				A856A3BE25AE392900EA18FE /* PopularMoviesViewController.swift */,
				A8CEB84725C1DD3400197105 /* PopularMoviesView.swift */,
				A856A3C025AE3F9500EA18FE /* PopularMovies.swift */,
				A823C71325AFA7F40080D271 /* PopularMovieCell.swift */,
				A82C507125C218740016AC46 /* PopularMoviesInteractor.swift */,
			);
			path = PopularMovies;
			sourceTree = "<group>";
		};
		A860355A25B0AA9500AF6FE1 /* Movie */ = {
			isa = PBXGroup;
			children = (
				A80FCD4225D4AE2A00BDF8C0 /* MovieViews */,
				A855D5F625BA318A000F7A95 /* MovieViewController.swift */,
			);
			path = Movie;
			sourceTree = "<group>";
		};
		A8BC895225D30ABD008A813C /* FavoriteMovies */ = {
			isa = PBXGroup;
			children = (
				A823CA6B25DB73A1002E372F /* FavoriteMoviesViews */,
				A8BC895525D30F1F008A813C /* FavoriteMoviesViewController.swift */,
			);
			path = FavoriteMovies;
			sourceTree = "<group>";
		};
/* End PBXGroup section */

/* Begin PBXNativeTarget section */
		A856A39A25AE144900EA18FE /* thefaelMovie */ = {
			isa = PBXNativeTarget;
			buildConfigurationList = A856A3AF25AE144E00EA18FE /* Build configuration list for PBXNativeTarget "thefaelMovie" */;
			buildPhases = (
				71C596FE3FD44FDB075F75C1 /* [CP] Check Pods Manifest.lock */,
				A856A39725AE144900EA18FE /* Sources */,
				A856A39825AE144900EA18FE /* Frameworks */,
				A856A39925AE144900EA18FE /* Resources */,
				3D9BD936F9251F7B540CF977 /* [CP] Embed Pods Frameworks */,
			);
			buildRules = (
			);
			dependencies = (
			);
			name = thefaelMovie;
			productName = thefaelMovie;
			productReference = A856A39B25AE144900EA18FE /* thefaelMovie.app */;
			productType = "com.apple.product-type.application";
		};
/* End PBXNativeTarget section */

/* Begin PBXProject section */
		A856A39325AE144800EA18FE /* Project object */ = {
			isa = PBXProject;
			attributes = {
				LastSwiftUpdateCheck = 1140;
				LastUpgradeCheck = 1140;
				ORGANIZATIONNAME = "Rafael Rodrigues";
				TargetAttributes = {
					A856A39A25AE144900EA18FE = {
						CreatedOnToolsVersion = 11.4.1;
					};
				};
			};
			buildConfigurationList = A856A39625AE144800EA18FE /* Build configuration list for PBXProject "thefaelMovie" */;
			compatibilityVersion = "Xcode 9.3";
			developmentRegion = en;
			hasScannedForEncodings = 0;
			knownRegions = (
				en,
				Base,
			);
			mainGroup = A856A39225AE144800EA18FE;
			productRefGroup = A856A39C25AE144900EA18FE /* Products */;
			projectDirPath = "";
			projectRoot = "";
			targets = (
				A856A39A25AE144900EA18FE /* thefaelMovie */,
			);
		};
/* End PBXProject section */

/* Begin PBXResourcesBuildPhase section */
		A856A39925AE144900EA18FE /* Resources */ = {
			isa = PBXResourcesBuildPhase;
			buildActionMask = 2147483647;
			files = (
				A856A3AB25AE144E00EA18FE /* LaunchScreen.storyboard in Resources */,
				A856A3A825AE144E00EA18FE /* Assets.xcassets in Resources */,
			);
			runOnlyForDeploymentPostprocessing = 0;
		};
/* End PBXResourcesBuildPhase section */

/* Begin PBXShellScriptBuildPhase section */
		3D9BD936F9251F7B540CF977 /* [CP] Embed Pods Frameworks */ = {
			isa = PBXShellScriptBuildPhase;
			buildActionMask = 2147483647;
			files = (
			);
			inputFileListPaths = (
				"${PODS_ROOT}/Target Support Files/Pods-thefaelMovie/Pods-thefaelMovie-frameworks-${CONFIGURATION}-input-files.xcfilelist",
			);
			name = "[CP] Embed Pods Frameworks";
			outputFileListPaths = (
				"${PODS_ROOT}/Target Support Files/Pods-thefaelMovie/Pods-thefaelMovie-frameworks-${CONFIGURATION}-output-files.xcfilelist",
			);
			runOnlyForDeploymentPostprocessing = 0;
			shellPath = /bin/sh;
			shellScript = "\"${PODS_ROOT}/Target Support Files/Pods-thefaelMovie/Pods-thefaelMovie-frameworks.sh\"\n";
			showEnvVarsInLog = 0;
		};
		71C596FE3FD44FDB075F75C1 /* [CP] Check Pods Manifest.lock */ = {
			isa = PBXShellScriptBuildPhase;
			buildActionMask = 2147483647;
			files = (
			);
			inputFileListPaths = (
			);
			inputPaths = (
				"${PODS_PODFILE_DIR_PATH}/Podfile.lock",
				"${PODS_ROOT}/Manifest.lock",
			);
			name = "[CP] Check Pods Manifest.lock";
			outputFileListPaths = (
			);
			outputPaths = (
				"$(DERIVED_FILE_DIR)/Pods-thefaelMovie-checkManifestLockResult.txt",
			);
			runOnlyForDeploymentPostprocessing = 0;
			shellPath = /bin/sh;
			shellScript = "diff \"${PODS_PODFILE_DIR_PATH}/Podfile.lock\" \"${PODS_ROOT}/Manifest.lock\" > /dev/null\nif [ $? != 0 ] ; then\n    # print error to STDERR\n    echo \"error: The sandbox is not in sync with the Podfile.lock. Run 'pod install' or update your CocoaPods installation.\" >&2\n    exit 1\nfi\n# This output is used by Xcode 'outputs' to avoid re-running this script phase.\necho \"SUCCESS\" > \"${SCRIPT_OUTPUT_FILE_0}\"\n";
			showEnvVarsInLog = 0;
		};
/* End PBXShellScriptBuildPhase section */

/* Begin PBXSourcesBuildPhase section */
		A856A39725AE144900EA18FE /* Sources */ = {
			isa = PBXSourcesBuildPhase;
			buildActionMask = 2147483647;
			files = (
				A82C507625C256430016AC46 /* ImageCache.swift in Sources */,
				A855D5F725BA318A000F7A95 /* MovieViewController.swift in Sources */,
				A82C507225C218740016AC46 /* PopularMoviesInteractor.swift in Sources */,
				A856A3B925AE272900EA18FE /* Service.swift in Sources */,
				A8BC895425D30BE3008A813C /* FavoriteMoviesView.swift in Sources */,
				A82C507425C255680016AC46 /* Color.swift in Sources */,
				A88B40F325C34C79004E70BB /* MovieView.swift in Sources */,
				A856A3BF25AE392900EA18FE /* PopularMoviesViewController.swift in Sources */,
				A8BC895625D30F1F008A813C /* FavoriteMoviesViewController.swift in Sources */,
				A856A39F25AE144900EA18FE /* AppDelegate.swift in Sources */,
				A8573A5525D45B40003E5B1C /* FavMovieCache.swift in Sources */,
				A8BC895825D342A9008A813C /* FavoriteMovieCell.swift in Sources */,
				A8CEB84825C1DD3400197105 /* PopularMoviesView.swift in Sources */,
				A823C71225AF9F4E0080D271 /* CollectionViewDataSource.swift in Sources */,
				A823C71425AFA7F40080D271 /* PopularMovieCell.swift in Sources */,
				A856A3A125AE144900EA18FE /* SceneDelegate.swift in Sources */,
				A856A3C125AE3F9500EA18FE /* PopularMovies.swift in Sources */,
				A80FCD4425D4AED800BDF8C0 /* FavoriteButton.swift in Sources */,
				A856A3B525AE21AA00EA18FE /* Endpoints.swift in Sources */,
				A856A3B725AE242300EA18FE /* Constants.swift in Sources */,
			);
			runOnlyForDeploymentPostprocessing = 0;
		};
/* End PBXSourcesBuildPhase section */

/* Begin PBXVariantGroup section */
		A856A3A925AE144E00EA18FE /* LaunchScreen.storyboard */ = {
			isa = PBXVariantGroup;
			children = (
				A856A3AA25AE144E00EA18FE /* Base */,
			);
			name = LaunchScreen.storyboard;
			sourceTree = "<group>";
		};
/* End PBXVariantGroup section */

/* Begin XCBuildConfiguration section */
		A856A3AD25AE144E00EA18FE /* Debug */ = {
			isa = XCBuildConfiguration;
			buildSettings = {
				ALWAYS_SEARCH_USER_PATHS = NO;
				CLANG_ANALYZER_NONNULL = YES;
				CLANG_ANALYZER_NUMBER_OBJECT_CONVERSION = YES_AGGRESSIVE;
				CLANG_CXX_LANGUAGE_STANDARD = "gnu++14";
				CLANG_CXX_LIBRARY = "libc++";
				CLANG_ENABLE_MODULES = YES;
				CLANG_ENABLE_OBJC_ARC = YES;
				CLANG_ENABLE_OBJC_WEAK = YES;
				CLANG_WARN_BLOCK_CAPTURE_AUTORELEASING = YES;
				CLANG_WARN_BOOL_CONVERSION = YES;
				CLANG_WARN_COMMA = YES;
				CLANG_WARN_CONSTANT_CONVERSION = YES;
				CLANG_WARN_DEPRECATED_OBJC_IMPLEMENTATIONS = YES;
				CLANG_WARN_DIRECT_OBJC_ISA_USAGE = YES_ERROR;
				CLANG_WARN_DOCUMENTATION_COMMENTS = YES;
				CLANG_WARN_EMPTY_BODY = YES;
				CLANG_WARN_ENUM_CONVERSION = YES;
				CLANG_WARN_INFINITE_RECURSION = YES;
				CLANG_WARN_INT_CONVERSION = YES;
				CLANG_WARN_NON_LITERAL_NULL_CONVERSION = YES;
				CLANG_WARN_OBJC_IMPLICIT_RETAIN_SELF = YES;
				CLANG_WARN_OBJC_LITERAL_CONVERSION = YES;
				CLANG_WARN_OBJC_ROOT_CLASS = YES_ERROR;
				CLANG_WARN_RANGE_LOOP_ANALYSIS = YES;
				CLANG_WARN_STRICT_PROTOTYPES = YES;
				CLANG_WARN_SUSPICIOUS_MOVE = YES;
				CLANG_WARN_UNGUARDED_AVAILABILITY = YES_AGGRESSIVE;
				CLANG_WARN_UNREACHABLE_CODE = YES;
				CLANG_WARN__DUPLICATE_METHOD_MATCH = YES;
				COPY_PHASE_STRIP = NO;
				DEBUG_INFORMATION_FORMAT = dwarf;
				ENABLE_STRICT_OBJC_MSGSEND = YES;
				ENABLE_TESTABILITY = YES;
				GCC_C_LANGUAGE_STANDARD = gnu11;
				GCC_DYNAMIC_NO_PIC = NO;
				GCC_NO_COMMON_BLOCKS = YES;
				GCC_OPTIMIZATION_LEVEL = 0;
				GCC_PREPROCESSOR_DEFINITIONS = (
					"DEBUG=1",
					"$(inherited)",
				);
				GCC_WARN_64_TO_32_BIT_CONVERSION = YES;
				GCC_WARN_ABOUT_RETURN_TYPE = YES_ERROR;
				GCC_WARN_UNDECLARED_SELECTOR = YES;
				GCC_WARN_UNINITIALIZED_AUTOS = YES_AGGRESSIVE;
				GCC_WARN_UNUSED_FUNCTION = YES;
				GCC_WARN_UNUSED_VARIABLE = YES;
				IPHONEOS_DEPLOYMENT_TARGET = 13.4;
				MTL_ENABLE_DEBUG_INFO = INCLUDE_SOURCE;
				MTL_FAST_MATH = YES;
				ONLY_ACTIVE_ARCH = YES;
				SDKROOT = iphoneos;
				SWIFT_ACTIVE_COMPILATION_CONDITIONS = DEBUG;
				SWIFT_OPTIMIZATION_LEVEL = "-Onone";
			};
			name = Debug;
		};
		A856A3AE25AE144E00EA18FE /* Release */ = {
			isa = XCBuildConfiguration;
			buildSettings = {
				ALWAYS_SEARCH_USER_PATHS = NO;
				CLANG_ANALYZER_NONNULL = YES;
				CLANG_ANALYZER_NUMBER_OBJECT_CONVERSION = YES_AGGRESSIVE;
				CLANG_CXX_LANGUAGE_STANDARD = "gnu++14";
				CLANG_CXX_LIBRARY = "libc++";
				CLANG_ENABLE_MODULES = YES;
				CLANG_ENABLE_OBJC_ARC = YES;
				CLANG_ENABLE_OBJC_WEAK = YES;
				CLANG_WARN_BLOCK_CAPTURE_AUTORELEASING = YES;
				CLANG_WARN_BOOL_CONVERSION = YES;
				CLANG_WARN_COMMA = YES;
				CLANG_WARN_CONSTANT_CONVERSION = YES;
				CLANG_WARN_DEPRECATED_OBJC_IMPLEMENTATIONS = YES;
				CLANG_WARN_DIRECT_OBJC_ISA_USAGE = YES_ERROR;
				CLANG_WARN_DOCUMENTATION_COMMENTS = YES;
				CLANG_WARN_EMPTY_BODY = YES;
				CLANG_WARN_ENUM_CONVERSION = YES;
				CLANG_WARN_INFINITE_RECURSION = YES;
				CLANG_WARN_INT_CONVERSION = YES;
				CLANG_WARN_NON_LITERAL_NULL_CONVERSION = YES;
				CLANG_WARN_OBJC_IMPLICIT_RETAIN_SELF = YES;
				CLANG_WARN_OBJC_LITERAL_CONVERSION = YES;
				CLANG_WARN_OBJC_ROOT_CLASS = YES_ERROR;
				CLANG_WARN_RANGE_LOOP_ANALYSIS = YES;
				CLANG_WARN_STRICT_PROTOTYPES = YES;
				CLANG_WARN_SUSPICIOUS_MOVE = YES;
				CLANG_WARN_UNGUARDED_AVAILABILITY = YES_AGGRESSIVE;
				CLANG_WARN_UNREACHABLE_CODE = YES;
				CLANG_WARN__DUPLICATE_METHOD_MATCH = YES;
				COPY_PHASE_STRIP = NO;
				DEBUG_INFORMATION_FORMAT = "dwarf-with-dsym";
				ENABLE_NS_ASSERTIONS = NO;
				ENABLE_STRICT_OBJC_MSGSEND = YES;
				GCC_C_LANGUAGE_STANDARD = gnu11;
				GCC_NO_COMMON_BLOCKS = YES;
				GCC_WARN_64_TO_32_BIT_CONVERSION = YES;
				GCC_WARN_ABOUT_RETURN_TYPE = YES_ERROR;
				GCC_WARN_UNDECLARED_SELECTOR = YES;
				GCC_WARN_UNINITIALIZED_AUTOS = YES_AGGRESSIVE;
				GCC_WARN_UNUSED_FUNCTION = YES;
				GCC_WARN_UNUSED_VARIABLE = YES;
				IPHONEOS_DEPLOYMENT_TARGET = 13.4;
				MTL_ENABLE_DEBUG_INFO = NO;
				MTL_FAST_MATH = YES;
				SDKROOT = iphoneos;
				SWIFT_COMPILATION_MODE = wholemodule;
				SWIFT_OPTIMIZATION_LEVEL = "-O";
				VALIDATE_PRODUCT = YES;
			};
			name = Release;
		};
		A856A3B025AE144E00EA18FE /* Debug */ = {
			isa = XCBuildConfiguration;
			baseConfigurationReference = CCB7E6B2347BCD3A00DF454E /* Pods-thefaelMovie.debug.xcconfig */;
			buildSettings = {
				ASSETCATALOG_COMPILER_APPICON_NAME = AppIcon;
				CODE_SIGN_STYLE = Automatic;
				DEVELOPMENT_TEAM = CY35DG58QL;
				INFOPLIST_FILE = thefaelMovie/Application/Info.plist;
				LD_RUNPATH_SEARCH_PATHS = (
					"$(inherited)",
					"@executable_path/Frameworks",
				);
				PRODUCT_BUNDLE_IDENTIFIER = "app-do-fael.thefaelMovie";
				PRODUCT_NAME = "$(TARGET_NAME)";
				SWIFT_VERSION = 5.0;
				TARGETED_DEVICE_FAMILY = "1,2";
			};
			name = Debug;
		};
		A856A3B125AE144E00EA18FE /* Release */ = {
			isa = XCBuildConfiguration;
			baseConfigurationReference = 1942C7F2BCEEE5AE485036E5 /* Pods-thefaelMovie.release.xcconfig */;
			buildSettings = {
				ASSETCATALOG_COMPILER_APPICON_NAME = AppIcon;
				CODE_SIGN_STYLE = Automatic;
				DEVELOPMENT_TEAM = CY35DG58QL;
				INFOPLIST_FILE = thefaelMovie/Application/Info.plist;
				LD_RUNPATH_SEARCH_PATHS = (
					"$(inherited)",
					"@executable_path/Frameworks",
				);
				PRODUCT_BUNDLE_IDENTIFIER = "app-do-fael.thefaelMovie";
				PRODUCT_NAME = "$(TARGET_NAME)";
				SWIFT_VERSION = 5.0;
				TARGETED_DEVICE_FAMILY = "1,2";
			};
			name = Release;
		};
/* End XCBuildConfiguration section */

/* Begin XCConfigurationList section */
		A856A39625AE144800EA18FE /* Build configuration list for PBXProject "thefaelMovie" */ = {
			isa = XCConfigurationList;
			buildConfigurations = (
				A856A3AD25AE144E00EA18FE /* Debug */,
				A856A3AE25AE144E00EA18FE /* Release */,
			);
			defaultConfigurationIsVisible = 0;
			defaultConfigurationName = Release;
		};
		A856A3AF25AE144E00EA18FE /* Build configuration list for PBXNativeTarget "thefaelMovie" */ = {
			isa = XCConfigurationList;
			buildConfigurations = (
				A856A3B025AE144E00EA18FE /* Debug */,
				A856A3B125AE144E00EA18FE /* Release */,
			);
			defaultConfigurationIsVisible = 0;
			defaultConfigurationName = Release;
		};
/* End XCConfigurationList section */
	};
	rootObject = A856A39325AE144800EA18FE /* Project object */;
}
